
Microsoft Visual Studio Solution File, Format Version 12.00
# Visual Studio Version 16
VisualStudioVersion = 16.0.29424.173
MinimumVisualStudioVersion = 10.0.40219.1
Project("{FAE04EC0-301F-11D3-BF4B-00C04F79EFBC}") = "ecommerce", "ecommerce\ecommerce.csproj", "{BA5E82B7-E46D-4AAA-8C1B-9151940D2211}"
EndProject
Global
	GlobalSection(SolutionConfigurationPlatforms) = preSolution
		Debug|Any CPU = Debug|Any CPU
		Release|Any CPU = Release|Any CPU
	EndGlobalSection
	GlobalSection(ProjectConfigurationPlatforms) = postSolution
		{BA5E82B7-E46D-4AAA-8C1B-9151940D2211}.Debug|Any CPU.ActiveCfg = Debug|Any CPU
		{BA5E82B7-E46D-4AAA-8C1B-9151940D2211}.Debug|Any CPU.Build.0 = Debug|Any CPU
		{BA5E82B7-E46D-4AAA-8C1B-9151940D2211}.Release|Any CPU.ActiveCfg = Release|Any CPU
		{BA5E82B7-E46D-4AAA-8C1B-9151940D2211}.Release|Any CPU.Build.0 = Release|Any CPU
	EndGlobalSection
	GlobalSection(SolutionProperties) = preSolution
		HideSolutionNode = FALSE
	EndGlobalSection
	GlobalSection(ExtensibilityGlobals) = postSolution
		SolutionGuid = {D8891BA1-7788-4D30-8F22-70432AB57E75}
	EndGlobalSection
EndGlobal
